// !$*UTF8*$!
{
	archiveVersion = 1;
	classes = {
	};
	objectVersion = 56;
	objects = {

/* Begin PBXBuildFile section */
		101F5E4A2A6E7E7700CFAB66 /* AppDelegate.swift in Sources */ = {isa = PBXBuildFile; fileRef = 101F5E492A6E7E7700CFAB66 /* AppDelegate.swift */; };
		101F5E4C2A6E7E7700CFAB66 /* SceneDelegate.swift in Sources */ = {isa = PBXBuildFile; fileRef = 101F5E4B2A6E7E7700CFAB66 /* SceneDelegate.swift */; };
		101F5E4E2A6E7E7700CFAB66 /* ViewController.swift in Sources */ = {isa = PBXBuildFile; fileRef = 101F5E4D2A6E7E7700CFAB66 /* ViewController.swift */; };
		101F5E512A6E7E7700CFAB66 /* Main.storyboard in Resources */ = {isa = PBXBuildFile; fileRef = 101F5E4F2A6E7E7700CFAB66 /* Main.storyboard */; };
		101F5E542A6E7E7700CFAB66 /* SuloCenterApp.xcdatamodeld in Sources */ = {isa = PBXBuildFile; fileRef = 101F5E522A6E7E7700CFAB66 /* SuloCenterApp.xcdatamodeld */; };
		101F5E562A6E7E7900CFAB66 /* Assets.xcassets in Resources */ = {isa = PBXBuildFile; fileRef = 101F5E552A6E7E7900CFAB66 /* Assets.xcassets */; };
		101F5E592A6E7E7900CFAB66 /* LaunchScreen.storyboard in Resources */ = {isa = PBXBuildFile; fileRef = 101F5E572A6E7E7900CFAB66 /* LaunchScreen.storyboard */; };
		101F5E632A6E8C2200CFAB66 /* GoogleService-Info.plist in Resources */ = {isa = PBXBuildFile; fileRef = 101F5E622A6E8C2200CFAB66 /* GoogleService-Info.plist */; };
		101F5E652A6E8D2D00CFAB66 /* MainViewController.swift in Sources */ = {isa = PBXBuildFile; fileRef = 101F5E642A6E8D2D00CFAB66 /* MainViewController.swift */; };
		101F5E672A6E8D5C00CFAB66 /* NavigationViewController.swift in Sources */ = {isa = PBXBuildFile; fileRef = 101F5E662A6E8D5C00CFAB66 /* NavigationViewController.swift */; };
		101F5E692A6E8D7400CFAB66 /* ProfileViewController.swift in Sources */ = {isa = PBXBuildFile; fileRef = 101F5E682A6E8D7300CFAB66 /* ProfileViewController.swift */; };
		101F5E6B2A6E93DF00CFAB66 /* NewProfileViewController.swift in Sources */ = {isa = PBXBuildFile; fileRef = 101F5E6A2A6E93DF00CFAB66 /* NewProfileViewController.swift */; };
		104F05D02A6FED3800D3AF34 /* Main.swift in Sources */ = {isa = PBXBuildFile; fileRef = 104F05CF2A6FED3800D3AF34 /* Main.swift */; };
		10A75CD02A712BA300CB92D7 /* HakkindaViewController.swift in Sources */ = {isa = PBXBuildFile; fileRef = 10A75CCF2A712BA300CB92D7 /* HakkindaViewController.swift */; };
		10A75CD42A7145FA00CB92D7 /* hakkimizda2ViewController.swift in Sources */ = {isa = PBXBuildFile; fileRef = 10A75CD32A7145FA00CB92D7 /* hakkimizda2ViewController.swift */; };
		10C7BAAE2A6FC205009B375B /* MainCell.swift in Sources */ = {isa = PBXBuildFile; fileRef = 10C7BAAD2A6FC205009B375B /* MainCell.swift */; };
		A313961C6D1F1426FDEAB52A /* Pods_SuloCenterApp.framework in Frameworks */ = {isa = PBXBuildFile; fileRef = 6E609927D15430F26BEE5589 /* Pods_SuloCenterApp.framework */; };
/* End PBXBuildFile section */

/* Begin PBXFileReference section */
		101F5E462A6E7E7700CFAB66 /* SuloCenterApp.app */ = {isa = PBXFileReference; explicitFileType = wrapper.application; includeInIndex = 0; path = SuloCenterApp.app; sourceTree = BUILT_PRODUCTS_DIR; };
		101F5E492A6E7E7700CFAB66 /* AppDelegate.swift */ = {isa = PBXFileReference; lastKnownFileType = sourcecode.swift; path = AppDelegate.swift; sourceTree = "<group>"; };
		101F5E4B2A6E7E7700CFAB66 /* SceneDelegate.swift */ = {isa = PBXFileReference; lastKnownFileType = sourcecode.swift; path = SceneDelegate.swift; sourceTree = "<group>"; };
		101F5E4D2A6E7E7700CFAB66 /* ViewController.swift */ = {isa = PBXFileReference; lastKnownFileType = sourcecode.swift; path = ViewController.swift; sourceTree = "<group>"; };
		101F5E502A6E7E7700CFAB66 /* Base */ = {isa = PBXFileReference; lastKnownFileType = file.storyboard; name = Base; path = Base.lproj/Main.storyboard; sourceTree = "<group>"; };
		101F5E532A6E7E7700CFAB66 /* SuloCenterApp.xcdatamodel */ = {isa = PBXFileReference; lastKnownFileType = wrapper.xcdatamodel; path = SuloCenterApp.xcdatamodel; sourceTree = "<group>"; };
		101F5E552A6E7E7900CFAB66 /* Assets.xcassets */ = {isa = PBXFileReference; lastKnownFileType = folder.assetcatalog; path = Assets.xcassets; sourceTree = "<group>"; };
		101F5E582A6E7E7900CFAB66 /* Base */ = {isa = PBXFileReference; lastKnownFileType = file.storyboard; name = Base; path = Base.lproj/LaunchScreen.storyboard; sourceTree = "<group>"; };
		101F5E5A2A6E7E7900CFAB66 /* Info.plist */ = {isa = PBXFileReference; lastKnownFileType = text.plist.xml; path = Info.plist; sourceTree = "<group>"; };
		101F5E622A6E8C2200CFAB66 /* GoogleService-Info.plist */ = {isa = PBXFileReference; fileEncoding = 4; lastKnownFileType = text.plist.xml; path = "GoogleService-Info.plist"; sourceTree = "<group>"; };
		101F5E642A6E8D2D00CFAB66 /* MainViewController.swift */ = {isa = PBXFileReference; lastKnownFileType = sourcecode.swift; path = MainViewController.swift; sourceTree = "<group>"; };
		101F5E662A6E8D5C00CFAB66 /* NavigationViewController.swift */ = {isa = PBXFileReference; lastKnownFileType = sourcecode.swift; path = NavigationViewController.swift; sourceTree = "<group>"; };
		101F5E682A6E8D7300CFAB66 /* ProfileViewController.swift */ = {isa = PBXFileReference; lastKnownFileType = sourcecode.swift; path = ProfileViewController.swift; sourceTree = "<group>"; };
		101F5E6A2A6E93DF00CFAB66 /* NewProfileViewController.swift */ = {isa = PBXFileReference; lastKnownFileType = sourcecode.swift; path = NewProfileViewController.swift; sourceTree = "<group>"; };
		104F05CF2A6FED3800D3AF34 /* Main.swift */ = {isa = PBXFileReference; lastKnownFileType = sourcecode.swift; path = Main.swift; sourceTree = "<group>"; };
		10A75CCF2A712BA300CB92D7 /* HakkindaViewController.swift */ = {isa = PBXFileReference; lastKnownFileType = sourcecode.swift; path = HakkindaViewController.swift; sourceTree = "<group>"; };
		10A75CD32A7145FA00CB92D7 /* hakkimizda2ViewController.swift */ = {isa = PBXFileReference; lastKnownFileType = sourcecode.swift; path = hakkimizda2ViewController.swift; sourceTree = "<group>"; };
		10C7BAAD2A6FC205009B375B /* MainCell.swift */ = {isa = PBXFileReference; lastKnownFileType = sourcecode.swift; path = MainCell.swift; sourceTree = "<group>"; };
		6E609927D15430F26BEE5589 /* Pods_SuloCenterApp.framework */ = {isa = PBXFileReference; explicitFileType = wrapper.framework; includeInIndex = 0; path = Pods_SuloCenterApp.framework; sourceTree = BUILT_PRODUCTS_DIR; };
		7040B9ABA5EC4A567E761F87 /* Pods-SuloCenterApp.debug.xcconfig */ = {isa = PBXFileReference; includeInIndex = 1; lastKnownFileType = text.xcconfig; name = "Pods-SuloCenterApp.debug.xcconfig"; path = "Target Support Files/Pods-SuloCenterApp/Pods-SuloCenterApp.debug.xcconfig"; sourceTree = "<group>"; };
		DC174F820045351622D5AF8A /* Pods-SuloCenterApp.release.xcconfig */ = {isa = PBXFileReference; includeInIndex = 1; lastKnownFileType = text.xcconfig; name = "Pods-SuloCenterApp.release.xcconfig"; path = "Target Support Files/Pods-SuloCenterApp/Pods-SuloCenterApp.release.xcconfig"; sourceTree = "<group>"; };
/* End PBXFileReference section */

/* Begin PBXFrameworksBuildPhase section */
		101F5E432A6E7E7700CFAB66 /* Frameworks */ = {
			isa = PBXFrameworksBuildPhase;
			buildActionMask = 2147483647;
			files = (
				A313961C6D1F1426FDEAB52A /* Pods_SuloCenterApp.framework in Frameworks */,
			);
			runOnlyForDeploymentPostprocessing = 0;
		};
/* End PBXFrameworksBuildPhase section */

/* Begin PBXGroup section */
		101F5E3D2A6E7E7700CFAB66 = {
			isa = PBXGroup;
			children = (
				101F5E482A6E7E7700CFAB66 /* SuloCenterApp */,
				101F5E472A6E7E7700CFAB66 /* Products */,
				3731E4A2153B15DE755DD86C /* Pods */,
				F7246B107C9DD2F90AEF8844 /* Frameworks */,
			);
			sourceTree = "<group>";
		};
		101F5E472A6E7E7700CFAB66 /* Products */ = {
			isa = PBXGroup;
			children = (
				101F5E462A6E7E7700CFAB66 /* SuloCenterApp.app */,
			);
			name = Products;
			sourceTree = "<group>";
		};
		101F5E482A6E7E7700CFAB66 /* SuloCenterApp */ = {
			isa = PBXGroup;
			children = (
				10A75CCC2A712B5A00CB92D7 /* Hakkinda */,
				10A75CCB2A71127600CB92D7 /* Navigation */,
				10A75CCA2A71126100CB92D7 /* Main */,
				10A75CC92A71123700CB92D7 /* Controller */,
				101F5E492A6E7E7700CFAB66 /* AppDelegate.swift */,
				101F5E4B2A6E7E7700CFAB66 /* SceneDelegate.swift */,
				101F5E4F2A6E7E7700CFAB66 /* Main.storyboard */,
				101F5E552A6E7E7900CFAB66 /* Assets.xcassets */,
				101F5E572A6E7E7900CFAB66 /* LaunchScreen.storyboard */,
				101F5E622A6E8C2200CFAB66 /* GoogleService-Info.plist */,
				101F5E5A2A6E7E7900CFAB66 /* Info.plist */,
				101F5E522A6E7E7700CFAB66 /* SuloCenterApp.xcdatamodeld */,
			);
			path = SuloCenterApp;
			sourceTree = "<group>";
		};
		10A75CC92A71123700CB92D7 /* Controller */ = {
			isa = PBXGroup;
			children = (
				101F5E4D2A6E7E7700CFAB66 /* ViewController.swift */,
				101F5E6A2A6E93DF00CFAB66 /* NewProfileViewController.swift */,
				101F5E682A6E8D7300CFAB66 /* ProfileViewController.swift */,
			);
			path = Controller;
			sourceTree = "<group>";
		};
		10A75CCA2A71126100CB92D7 /* Main */ = {
			isa = PBXGroup;
			children = (
				104F05CF2A6FED3800D3AF34 /* Main.swift */,
				10C7BAAD2A6FC205009B375B /* MainCell.swift */,
				101F5E642A6E8D2D00CFAB66 /* MainViewController.swift */,
			);
			path = Main;
			sourceTree = "<group>";
		};
		10A75CCB2A71127600CB92D7 /* Navigation */ = {
			isa = PBXGroup;
			children = (
				101F5E662A6E8D5C00CFAB66 /* NavigationViewController.swift */,
			);
			path = Navigation;
			sourceTree = "<group>";
		};
		10A75CCC2A712B5A00CB92D7 /* Hakkinda */ = {
			isa = PBXGroup;
			children = (
				10A75CCF2A712BA300CB92D7 /* HakkindaViewController.swift */,
				10A75CD32A7145FA00CB92D7 /* hakkimizda2ViewController.swift */,
			);
			path = Hakkinda;
			sourceTree = "<group>";
		};
		3731E4A2153B15DE755DD86C /* Pods */ = {
			isa = PBXGroup;
			children = (
				7040B9ABA5EC4A567E761F87 /* Pods-SuloCenterApp.debug.xcconfig */,
				DC174F820045351622D5AF8A /* Pods-SuloCenterApp.release.xcconfig */,
			);
			path = Pods;
			sourceTree = "<group>";
		};
		F7246B107C9DD2F90AEF8844 /* Frameworks */ = {
			isa = PBXGroup;
			children = (
				6E609927D15430F26BEE5589 /* Pods_SuloCenterApp.framework */,
			);
			name = Frameworks;
			sourceTree = "<group>";
		};
/* End PBXGroup section */

/* Begin PBXNativeTarget section */
		101F5E452A6E7E7700CFAB66 /* SuloCenterApp */ = {
			isa = PBXNativeTarget;
			buildConfigurationList = 101F5E5D2A6E7E7900CFAB66 /* Build configuration list for PBXNativeTarget "SuloCenterApp" */;
			buildPhases = (
				0C4915986C6B844C6C59BCA7 /* [CP] Check Pods Manifest.lock */,
				101F5E422A6E7E7700CFAB66 /* Sources */,
				101F5E432A6E7E7700CFAB66 /* Frameworks */,
				101F5E442A6E7E7700CFAB66 /* Resources */,
				68C1B4DC127D1DE6F473F4A6 /* [CP] Embed Pods Frameworks */,
			);
			buildRules = (
			);
			dependencies = (
			);
			name = SuloCenterApp;
			productName = SuloCenterApp;
			productReference = 101F5E462A6E7E7700CFAB66 /* SuloCenterApp.app */;
			productType = "com.apple.product-type.application";
		};
/* End PBXNativeTarget section */

/* Begin PBXProject section */
		101F5E3E2A6E7E7700CFAB66 /* Project object */ = {
			isa = PBXProject;
			attributes = {
				BuildIndependentTargetsInParallel = 1;
				LastSwiftUpdateCheck = 1420;
				LastUpgradeCheck = 1420;
				TargetAttributes = {
					101F5E452A6E7E7700CFAB66 = {
						CreatedOnToolsVersion = 14.2;
					};
				};
			};
			buildConfigurationList = 101F5E412A6E7E7700CFAB66 /* Build configuration list for PBXProject "SuloCenterApp" */;
			compatibilityVersion = "Xcode 14.0";
			developmentRegion = en;
			hasScannedForEncodings = 0;
			knownRegions = (
				en,
				Base,
			);
			mainGroup = 101F5E3D2A6E7E7700CFAB66;
			productRefGroup = 101F5E472A6E7E7700CFAB66 /* Products */;
			projectDirPath = "";
			projectRoot = "";
			targets = (
				101F5E452A6E7E7700CFAB66 /* SuloCenterApp */,
			);
		};
/* End PBXProject section */

/* Begin PBXResourcesBuildPhase section */
		101F5E442A6E7E7700CFAB66 /* Resources */ = {
			isa = PBXResourcesBuildPhase;
			buildActionMask = 2147483647;
			files = (
				101F5E592A6E7E7900CFAB66 /* LaunchScreen.storyboard in Resources */,
				101F5E632A6E8C2200CFAB66 /* GoogleService-Info.plist in Resources */,
				101F5E562A6E7E7900CFAB66 /* Assets.xcassets in Resources */,
				101F5E512A6E7E7700CFAB66 /* Main.storyboard in Resources */,
			);
			runOnlyForDeploymentPostprocessing = 0;
		};
/* End PBXResourcesBuildPhase section */

/* Begin PBXShellScriptBuildPhase section */
		0C4915986C6B844C6C59BCA7 /* [CP] Check Pods Manifest.lock */ = {
			isa = PBXShellScriptBuildPhase;
			buildActionMask = 2147483647;
			files = (
			);
			inputFileListPaths = (
			);
			inputPaths = (
				"${PODS_PODFILE_DIR_PATH}/Podfile.lock",
				"${PODS_ROOT}/Manifest.lock",
			);
			name = "[CP] Check Pods Manifest.lock";
			outputFileListPaths = (
			);
			outputPaths = (
				"$(DERIVED_FILE_DIR)/Pods-SuloCenterApp-checkManifestLockResult.txt",
			);
			runOnlyForDeploymentPostprocessing = 0;
			shellPath = /bin/sh;
			shellScript = "diff \"${PODS_PODFILE_DIR_PATH}/Podfile.lock\" \"${PODS_ROOT}/Manifest.lock\" > /dev/null\nif [ $? != 0 ] ; then\n    # print error to STDERR\n    echo \"error: The sandbox is not in sync with the Podfile.lock. Run 'pod install' or update your CocoaPods installation.\" >&2\n    exit 1\nfi\n# This output is used by Xcode 'outputs' to avoid re-running this script phase.\necho \"SUCCESS\" > \"${SCRIPT_OUTPUT_FILE_0}\"\n";
			showEnvVarsInLog = 0;
		};
		68C1B4DC127D1DE6F473F4A6 /* [CP] Embed Pods Frameworks */ = {
			isa = PBXShellScriptBuildPhase;
			buildActionMask = 2147483647;
			files = (
			);
			inputFileListPaths = (
				"${PODS_ROOT}/Target Support Files/Pods-SuloCenterApp/Pods-SuloCenterApp-frameworks-${CONFIGURATION}-input-files.xcfilelist",
			);
			name = "[CP] Embed Pods Frameworks";
			outputFileListPaths = (
				"${PODS_ROOT}/Target Support Files/Pods-SuloCenterApp/Pods-SuloCenterApp-frameworks-${CONFIGURATION}-output-files.xcfilelist",
			);
			runOnlyForDeploymentPostprocessing = 0;
			shellPath = /bin/sh;
			shellScript = "\"${PODS_ROOT}/Target Support Files/Pods-SuloCenterApp/Pods-SuloCenterApp-frameworks.sh\"\n";
			showEnvVarsInLog = 0;
		};
/* End PBXShellScriptBuildPhase section */

/* Begin PBXSourcesBuildPhase section */
		101F5E422A6E7E7700CFAB66 /* Sources */ = {
			isa = PBXSourcesBuildPhase;
			buildActionMask = 2147483647;
			files = (
				104F05D02A6FED3800D3AF34 /* Main.swift in Sources */,
				101F5E672A6E8D5C00CFAB66 /* NavigationViewController.swift in Sources */,
				101F5E4E2A6E7E7700CFAB66 /* ViewController.swift in Sources */,
				101F5E4A2A6E7E7700CFAB66 /* AppDelegate.swift in Sources */,
				101F5E6B2A6E93DF00CFAB66 /* NewProfileViewController.swift in Sources */,
				101F5E4C2A6E7E7700CFAB66 /* SceneDelegate.swift in Sources */,
				101F5E692A6E8D7400CFAB66 /* ProfileViewController.swift in Sources */,
				10A75CD02A712BA300CB92D7 /* HakkindaViewController.swift in Sources */,
				10A75CD42A7145FA00CB92D7 /* hakkimizda2ViewController.swift in Sources */,
				101F5E542A6E7E7700CFAB66 /* SuloCenterApp.xcdatamodeld in Sources */,
				101F5E652A6E8D2D00CFAB66 /* MainViewController.swift in Sources */,
				10C7BAAE2A6FC205009B375B /* MainCell.swift in Sources */,
			);
			runOnlyForDeploymentPostprocessing = 0;
		};
/* End PBXSourcesBuildPhase section */

/* Begin PBXVariantGroup section */
		101F5E4F2A6E7E7700CFAB66 /* Main.storyboard */ = {
			isa = PBXVariantGroup;
			children = (
				101F5E502A6E7E7700CFAB66 /* Base */,
			);
			name = Main.storyboard;
			sourceTree = "<group>";
		};
		101F5E572A6E7E7900CFAB66 /* LaunchScreen.storyboard */ = {
			isa = PBXVariantGroup;
			children = (
				101F5E582A6E7E7900CFAB66 /* Base */,
			);
			name = LaunchScreen.storyboard;
			sourceTree = "<group>";
		};
/* End PBXVariantGroup section */

/* Begin XCBuildConfiguration section */
		101F5E5B2A6E7E7900CFAB66 /* Debug */ = {
			isa = XCBuildConfiguration;
			buildSettings = {
				ALWAYS_SEARCH_USER_PATHS = NO;
				CLANG_ANALYZER_NONNULL = YES;
				CLANG_ANALYZER_NUMBER_OBJECT_CONVERSION = YES_AGGRESSIVE;
				CLANG_CXX_LANGUAGE_STANDARD = "gnu++20";
				CLANG_ENABLE_MODULES = YES;
				CLANG_ENABLE_OBJC_ARC = YES;
				CLANG_ENABLE_OBJC_WEAK = YES;
				CLANG_WARN_BLOCK_CAPTURE_AUTORELEASING = YES;
				CLANG_WARN_BOOL_CONVERSION = YES;
				CLANG_WARN_COMMA = YES;
				CLANG_WARN_CONSTANT_CONVERSION = YES;
				CLANG_WARN_DEPRECATED_OBJC_IMPLEMENTATIONS = YES;
				CLANG_WARN_DIRECT_OBJC_ISA_USAGE = YES_ERROR;
				CLANG_WARN_DOCUMENTATION_COMMENTS = YES;
				CLANG_WARN_EMPTY_BODY = YES;
				CLANG_WARN_ENUM_CONVERSION = YES;
				CLANG_WARN_INFINITE_RECURSION = YES;
				CLANG_WARN_INT_CONVERSION = YES;
				CLANG_WARN_NON_LITERAL_NULL_CONVERSION = YES;
				CLANG_WARN_OBJC_IMPLICIT_RETAIN_SELF = YES;
				CLANG_WARN_OBJC_LITERAL_CONVERSION = YES;
				CLANG_WARN_OBJC_ROOT_CLASS = YES_ERROR;
				CLANG_WARN_QUOTED_INCLUDE_IN_FRAMEWORK_HEADER = YES;
				CLANG_WARN_RANGE_LOOP_ANALYSIS = YES;
				CLANG_WARN_STRICT_PROTOTYPES = YES;
				CLANG_WARN_SUSPICIOUS_MOVE = YES;
				CLANG_WARN_UNGUARDED_AVAILABILITY = YES_AGGRESSIVE;
				CLANG_WARN_UNREACHABLE_CODE = YES;
				CLANG_WARN__DUPLICATE_METHOD_MATCH = YES;
				COPY_PHASE_STRIP = NO;
				DEBUG_INFORMATION_FORMAT = dwarf;
				ENABLE_STRICT_OBJC_MSGSEND = YES;
				ENABLE_TESTABILITY = YES;
				GCC_C_LANGUAGE_STANDARD = gnu11;
				GCC_DYNAMIC_NO_PIC = NO;
				GCC_NO_COMMON_BLOCKS = YES;
				GCC_OPTIMIZATION_LEVEL = 0;
				GCC_PREPROCESSOR_DEFINITIONS = (
					"DEBUG=1",
					"$(inherited)",
				);
				GCC_WARN_64_TO_32_BIT_CONVERSION = YES;
				GCC_WARN_ABOUT_RETURN_TYPE = YES_ERROR;
				GCC_WARN_UNDECLARED_SELECTOR = YES;
				GCC_WARN_UNINITIALIZED_AUTOS = YES_AGGRESSIVE;
				GCC_WARN_UNUSED_FUNCTION = YES;
				GCC_WARN_UNUSED_VARIABLE = YES;
				IPHONEOS_DEPLOYMENT_TARGET = 16.2;
				MTL_ENABLE_DEBUG_INFO = INCLUDE_SOURCE;
				MTL_FAST_MATH = YES;
				ONLY_ACTIVE_ARCH = YES;
				SDKROOT = iphoneos;
				SWIFT_ACTIVE_COMPILATION_CONDITIONS = DEBUG;
				SWIFT_OPTIMIZATION_LEVEL = "-Onone";
			};
			name = Debug;
		};
		101F5E5C2A6E7E7900CFAB66 /* Release */ = {
			isa = XCBuildConfiguration;
			buildSettings = {
				ALWAYS_SEARCH_USER_PATHS = NO;
				CLANG_ANALYZER_NONNULL = YES;
				CLANG_ANALYZER_NUMBER_OBJECT_CONVERSION = YES_AGGRESSIVE;
				CLANG_CXX_LANGUAGE_STANDARD = "gnu++20";
				CLANG_ENABLE_MODULES = YES;
				CLANG_ENABLE_OBJC_ARC = YES;
				CLANG_ENABLE_OBJC_WEAK = YES;
				CLANG_WARN_BLOCK_CAPTURE_AUTORELEASING = YES;
				CLANG_WARN_BOOL_CONVERSION = YES;
				CLANG_WARN_COMMA = YES;
				CLANG_WARN_CONSTANT_CONVERSION = YES;
				CLANG_WARN_DEPRECATED_OBJC_IMPLEMENTATIONS = YES;
				CLANG_WARN_DIRECT_OBJC_ISA_USAGE = YES_ERROR;
				CLANG_WARN_DOCUMENTATION_COMMENTS = YES;
				CLANG_WARN_EMPTY_BODY = YES;
				CLANG_WARN_ENUM_CONVERSION = YES;
				CLANG_WARN_INFINITE_RECURSION = YES;
				CLANG_WARN_INT_CONVERSION = YES;
				CLANG_WARN_NON_LITERAL_NULL_CONVERSION = YES;
				CLANG_WARN_OBJC_IMPLICIT_RETAIN_SELF = YES;
				CLANG_WARN_OBJC_LITERAL_CONVERSION = YES;
				CLANG_WARN_OBJC_ROOT_CLASS = YES_ERROR;
				CLANG_WARN_QUOTED_INCLUDE_IN_FRAMEWORK_HEADER = YES;
				CLANG_WARN_RANGE_LOOP_ANALYSIS = YES;
				CLANG_WARN_STRICT_PROTOTYPES = YES;
				CLANG_WARN_SUSPICIOUS_MOVE = YES;
				CLANG_WARN_UNGUARDED_AVAILABILITY = YES_AGGRESSIVE;
				CLANG_WARN_UNREACHABLE_CODE = YES;
				CLANG_WARN__DUPLICATE_METHOD_MATCH = YES;
				COPY_PHASE_STRIP = NO;
				DEBUG_INFORMATION_FORMAT = "dwarf-with-dsym";
				ENABLE_NS_ASSERTIONS = NO;
				ENABLE_STRICT_OBJC_MSGSEND = YES;
				GCC_C_LANGUAGE_STANDARD = gnu11;
				GCC_NO_COMMON_BLOCKS = YES;
				GCC_WARN_64_TO_32_BIT_CONVERSION = YES;
				GCC_WARN_ABOUT_RETURN_TYPE = YES_ERROR;
				GCC_WARN_UNDECLARED_SELECTOR = YES;
				GCC_WARN_UNINITIALIZED_AUTOS = YES_AGGRESSIVE;
				GCC_WARN_UNUSED_FUNCTION = YES;
				GCC_WARN_UNUSED_VARIABLE = YES;
				IPHONEOS_DEPLOYMENT_TARGET = 16.2;
				MTL_ENABLE_DEBUG_INFO = NO;
				MTL_FAST_MATH = YES;
				SDKROOT = iphoneos;
				SWIFT_COMPILATION_MODE = wholemodule;
				SWIFT_OPTIMIZATION_LEVEL = "-O";
				VALIDATE_PRODUCT = YES;
			};
			name = Release;
		};
		101F5E5E2A6E7E7900CFAB66 /* Debug */ = {
			isa = XCBuildConfiguration;
			baseConfigurationReference = 7040B9ABA5EC4A567E761F87 /* Pods-SuloCenterApp.debug.xcconfig */;
			buildSettings = {
				ASSETCATALOG_COMPILER_APPICON_NAME = AppIcon;
				ASSETCATALOG_COMPILER_GLOBAL_ACCENT_COLOR_NAME = AccentColor;
				CODE_SIGN_STYLE = Automatic;
				CURRENT_PROJECT_VERSION = 1;
				DEVELOPMENT_TEAM = 9ZBB7384W6;
				GENERATE_INFOPLIST_FILE = YES;
				INFOPLIST_FILE = SuloCenterApp/Info.plist;
				INFOPLIST_KEY_UIApplicationSupportsIndirectInputEvents = YES;
				INFOPLIST_KEY_UILaunchStoryboardName = LaunchScreen;
				INFOPLIST_KEY_UIMainStoryboardFile = Main;
				INFOPLIST_KEY_UISupportedInterfaceOrientations_iPad = "UIInterfaceOrientationPortrait UIInterfaceOrientationPortraitUpsideDown UIInterfaceOrientationLandscapeLeft UIInterfaceOrientationLandscapeRight";
				INFOPLIST_KEY_UISupportedInterfaceOrientations_iPhone = "UIInterfaceOrientationPortrait UIInterfaceOrientationLandscapeLeft UIInterfaceOrientationLandscapeRight";
				IPHONEOS_DEPLOYMENT_TARGET = 13.0;
				LD_RUNPATH_SEARCH_PATHS = (
					"$(inherited)",
					"@executable_path/Frameworks",
				);
				MARKETING_VERSION = 1.0;
				PRODUCT_BUNDLE_IDENTIFIER = tr.ibb.gov.SuloCenterApp;
				PRODUCT_NAME = "$(TARGET_NAME)";
				SWIFT_EMIT_LOC_STRINGS = YES;
				SWIFT_VERSION = 5.0;
				TARGETED_DEVICE_FAMILY = "1,2";
			};
			name = Debug;
		};
		101F5E5F2A6E7E7900CFAB66 /* Release */ = {
			isa = XCBuildConfiguration;
			baseConfigurationReference = DC174F820045351622D5AF8A /* Pods-SuloCenterApp.release.xcconfig */;
			buildSettings = {
				ASSETCATALOG_COMPILER_APPICON_NAME = AppIcon;
				ASSETCATALOG_COMPILER_GLOBAL_ACCENT_COLOR_NAME = AccentColor;
				CODE_SIGN_STYLE = Automatic;
				CURRENT_PROJECT_VERSION = 1;
				DEVELOPMENT_TEAM = 9ZBB7384W6;
				GENERATE_INFOPLIST_FILE = YES;
				INFOPLIST_FILE = SuloCenterApp/Info.plist;
				INFOPLIST_KEY_UIApplicationSupportsIndirectInputEvents = YES;
				INFOPLIST_KEY_UILaunchStoryboardName = LaunchScreen;
				INFOPLIST_KEY_UIMainStoryboardFile = Main;
				INFOPLIST_KEY_UISupportedInterfaceOrientations_iPad = "UIInterfaceOrientationPortrait UIInterfaceOrientationPortraitUpsideDown UIInterfaceOrientationLandscapeLeft UIInterfaceOrientationLandscapeRight";
				INFOPLIST_KEY_UISupportedInterfaceOrientations_iPhone = "UIInterfaceOrientationPortrait UIInterfaceOrientationLandscapeLeft UIInterfaceOrientationLandscapeRight";
				IPHONEOS_DEPLOYMENT_TARGET = 13.0;
				LD_RUNPATH_SEARCH_PATHS = (
					"$(inherited)",
					"@executable_path/Frameworks",
				);
				MARKETING_VERSION = 1.0;
				PRODUCT_BUNDLE_IDENTIFIER = tr.ibb.gov.SuloCenterApp;
				PRODUCT_NAME = "$(TARGET_NAME)";
				SWIFT_EMIT_LOC_STRINGS = YES;
				SWIFT_VERSION = 5.0;
				TARGETED_DEVICE_FAMILY = "1,2";
			};
			name = Release;
		};
/* End XCBuildConfiguration section */

/* Begin XCConfigurationList section */
		101F5E412A6E7E7700CFAB66 /* Build configuration list for PBXProject "SuloCenterApp" */ = {
			isa = XCConfigurationList;
			buildConfigurations = (
				101F5E5B2A6E7E7900CFAB66 /* Debug */,
				101F5E5C2A6E7E7900CFAB66 /* Release */,
			);
			defaultConfigurationIsVisible = 0;
			defaultConfigurationName = Release;
		};
		101F5E5D2A6E7E7900CFAB66 /* Build configuration list for PBXNativeTarget "SuloCenterApp" */ = {
			isa = XCConfigurationList;
			buildConfigurations = (
				101F5E5E2A6E7E7900CFAB66 /* Debug */,
				101F5E5F2A6E7E7900CFAB66 /* Release */,
			);
			defaultConfigurationIsVisible = 0;
			defaultConfigurationName = Release;
		};
/* End XCConfigurationList section */

/* Begin XCVersionGroup section */
		101F5E522A6E7E7700CFAB66 /* SuloCenterApp.xcdatamodeld */ = {
			isa = XCVersionGroup;
			children = (
				101F5E532A6E7E7700CFAB66 /* SuloCenterApp.xcdatamodel */,
			);
			currentVersion = 101F5E532A6E7E7700CFAB66 /* SuloCenterApp.xcdatamodel */;
			path = SuloCenterApp.xcdatamodeld;
			sourceTree = "<group>";
			versionGroupType = wrapper.xcdatamodel;
		};
/* End XCVersionGroup section */
	};
	rootObject = 101F5E3E2A6E7E7700CFAB66 /* Project object */;
}
